
Microsoft Visual Studio Solution File, Format Version 12.00
# Visual Studio Version 17
VisualStudioVersion = 17.8.34330.188
MinimumVisualStudioVersion = 10.0.40219.1
Project("{FAE04EC0-301F-11D3-BF4B-00C04F79EFBC}") = "Domains", "Domains\Domains.csproj", "{DA903E94-4F87-47B7-8C54-D3377DC3F103}"
EndProject
Global
	GlobalSection(SolutionConfigurationPlatforms) = preSolution
		Debug|Any CPU = Debug|Any CPU
		Release|Any CPU = Release|Any CPU
	EndGlobalSection
	GlobalSection(ProjectConfigurationPlatforms) = postSolution
		{DA903E94-4F87-47B7-8C54-D3377DC3F103}.Debug|Any CPU.ActiveCfg = Debug|Any CPU
		{DA903E94-4F87-47B7-8C54-D3377DC3F103}.Debug|Any CPU.Build.0 = Debug|Any CPU
		{DA903E94-4F87-47B7-8C54-D3377DC3F103}.Release|Any CPU.ActiveCfg = Release|Any CPU
		{DA903E94-4F87-47B7-8C54-D3377DC3F103}.Release|Any CPU.Build.0 = Release|Any CPU
	EndGlobalSection
	GlobalSection(SolutionProperties) = preSolution
		HideSolutionNode = FALSE
	EndGlobalSection
	GlobalSection(ExtensibilityGlobals) = postSolution
		SolutionGuid = {6AD1A0FC-47DF-41EF-A324-B738F2AD96E3}
	EndGlobalSection
EndGlobal
